Microsoft Visual Studio Solution File, Format Version 11.00
# Visual Studio 2008

Project("{4918BAEA-9337-B296-2926-DD6E20D7E70B}") = "Simple solar system", "Assembly-CSharp.csproj", "{0E5227AC-0CDA-770D-9474-1001BE8BBD11}"
EndProject
Global
	GlobalSection(SolutionConfigurationPlatforms) = preSolution
		Debug|Any CPU = Debug|Any CPU
		Release|Any CPU = Release|Any CPU
	EndGlobalSection
	GlobalSection(ProjectConfigurationPlatforms) = postSolution
		{0E5227AC-0CDA-770D-9474-1001BE8BBD11}.Debug|Any CPU.ActiveCfg = Debug|Any CPU
		{0E5227AC-0CDA-770D-9474-1001BE8BBD11}.Debug|Any CPU.Build.0 = Debug|Any CPU
		{0E5227AC-0CDA-770D-9474-1001BE8BBD11}.Release|Any CPU.ActiveCfg = Release|Any CPU
		{0E5227AC-0CDA-770D-9474-1001BE8BBD11}.Release|Any CPU.Build.0 = Release|Any CPU
	EndGlobalSection
	GlobalSection(SolutionProperties) = preSolution
		HideSolutionNode = FALSE
	EndGlobalSection
	GlobalSection(MonoDevelopProperties) = preSolution
		StartupItem = Assembly-CSharp.csproj
	EndGlobalSection
EndGlobal
